
Microsoft Visual Studio Solution File, Format Version 12.00
# Visual Studio Version 17
VisualStudioVersion = 17.10.34928.147
MinimumVisualStudioVersion = 10.0.40219.1
Project("{FAE04EC0-301F-11D3-BF4B-00C04F79EFBC}") = "uygulama78", "uygulama78\uygulama78.csproj", "{C4C9FA5D-E028-4904-9AC8-2ADFF1AB4CA5}"
EndProject
Global
	GlobalSection(SolutionConfigurationPlatforms) = preSolution
		Debug|Any CPU = Debug|Any CPU
		Release|Any CPU = Release|Any CPU
	EndGlobalSection
	GlobalSection(ProjectConfigurationPlatforms) = postSolution
		{C4C9FA5D-E028-4904-9AC8-2ADFF1AB4CA5}.Debug|Any CPU.ActiveCfg = Debug|Any CPU
		{C4C9FA5D-E028-4904-9AC8-2ADFF1AB4CA5}.Debug|Any CPU.Build.0 = Debug|Any CPU
		{C4C9FA5D-E028-4904-9AC8-2ADFF1AB4CA5}.Release|Any CPU.ActiveCfg = Release|Any CPU
		{C4C9FA5D-E028-4904-9AC8-2ADFF1AB4CA5}.Release|Any CPU.Build.0 = Release|Any CPU
	EndGlobalSection
	GlobalSection(SolutionProperties) = preSolution
		HideSolutionNode = FALSE
	EndGlobalSection
	GlobalSection(ExtensibilityGlobals) = postSolution
		SolutionGuid = {8E84F050-B332-4F4D-8C65-9A19E2ED2C07}
	EndGlobalSection
EndGlobal
